// !$*UTF8*$!
{
	archiveVersion = 1;
	classes = {
	};
	objectVersion = 56;
	objects = {

/* Begin PBXBuildFile section */
		285A43152B0568720060A160 /* macos_keystroke_counterApp.swift in Sources */ = {isa = PBXBuildFile; fileRef = 285A43142B0568720060A160 /* macos_keystroke_counterApp.swift */; };
		285A43172B0568720060A160 /* ContentView.swift in Sources */ = {isa = PBXBuildFile; fileRef = 285A43162B0568720060A160 /* ContentView.swift */; };
		285A43192B0568780060A160 /* Assets.xcassets in Resources */ = {isa = PBXBuildFile; fileRef = 285A43182B0568780060A160 /* Assets.xcassets */; };
		285A431C2B0568780060A160 /* Preview Assets.xcassets in Resources */ = {isa = PBXBuildFile; fileRef = 285A431B2B0568780060A160 /* Preview Assets.xcassets */; };
		285A43242B05792D0060A160 /* ApplicationMenu.swift in Sources */ = {isa = PBXBuildFile; fileRef = 285A43232B05792D0060A160 /* ApplicationMenu.swift */; };
/* End PBXBuildFile section */

/* Begin PBXFileReference section */
		285A43112B0568720060A160 /* macos-keystroke-counter.app */ = {isa = PBXFileReference; explicitFileType = wrapper.application; includeInIndex = 0; path = "macos-keystroke-counter.app"; sourceTree = BUILT_PRODUCTS_DIR; };
		285A43142B0568720060A160 /* macos_keystroke_counterApp.swift */ = {isa = PBXFileReference; lastKnownFileType = sourcecode.swift; path = macos_keystroke_counterApp.swift; sourceTree = "<group>"; };
		285A43162B0568720060A160 /* ContentView.swift */ = {isa = PBXFileReference; lastKnownFileType = sourcecode.swift; path = ContentView.swift; sourceTree = "<group>"; };
		285A43182B0568780060A160 /* Assets.xcassets */ = {isa = PBXFileReference; lastKnownFileType = folder.assetcatalog; path = Assets.xcassets; sourceTree = "<group>"; };
		285A431B2B0568780060A160 /* Preview Assets.xcassets */ = {isa = PBXFileReference; lastKnownFileType = folder.assetcatalog; path = "Preview Assets.xcassets"; sourceTree = "<group>"; };
		285A431D2B0568780060A160 /* macos_keystroke_counter.entitlements */ = {isa = PBXFileReference; lastKnownFileType = text.plist.entitlements; path = macos_keystroke_counter.entitlements; sourceTree = "<group>"; };
		285A43232B05792D0060A160 /* ApplicationMenu.swift */ = {isa = PBXFileReference; lastKnownFileType = sourcecode.swift; path = ApplicationMenu.swift; sourceTree = "<group>"; };
/* End PBXFileReference section */

/* Begin PBXFrameworksBuildPhase section */
		285A430E2B0568720060A160 /* Frameworks */ = {
			isa = PBXFrameworksBuildPhase;
			buildActionMask = 2147483647;
			files = (
			);
			runOnlyForDeploymentPostprocessing = 0;
		};
/* End PBXFrameworksBuildPhase section */

/* Begin PBXGroup section */
		285A43082B0568720060A160 = {
			isa = PBXGroup;
			children = (
				285A43132B0568720060A160 /* macos-keystroke-counter */,
				285A43122B0568720060A160 /* Products */,
			);
			sourceTree = "<group>";
		};
		285A43122B0568720060A160 /* Products */ = {
			isa = PBXGroup;
			children = (
				285A43112B0568720060A160 /* macos-keystroke-counter.app */,
			);
			name = Products;
			sourceTree = "<group>";
		};
		285A43132B0568720060A160 /* macos-keystroke-counter */ = {
			isa = PBXGroup;
			children = (
				285A43142B0568720060A160 /* macos_keystroke_counterApp.swift */,
				285A43162B0568720060A160 /* ContentView.swift */,
				285A43232B05792D0060A160 /* ApplicationMenu.swift */,
				285A43182B0568780060A160 /* Assets.xcassets */,
				285A431D2B0568780060A160 /* macos_keystroke_counter.entitlements */,
				285A431A2B0568780060A160 /* Preview Content */,
			);
			path = "macos-keystroke-counter";
			sourceTree = "<group>";
		};
		285A431A2B0568780060A160 /* Preview Content */ = {
			isa = PBXGroup;
			children = (
				285A431B2B0568780060A160 /* Preview Assets.xcassets */,
			);
			path = "Preview Content";
			sourceTree = "<group>";
		};
/* End PBXGroup section */

/* Begin PBXNativeTarget section */
		285A43102B0568720060A160 /* macos-keystroke-counter */ = {
			isa = PBXNativeTarget;
			buildConfigurationList = 285A43202B0568780060A160 /* Build configuration list for PBXNativeTarget "macos-keystroke-counter" */;
			buildPhases = (
				285A430D2B0568720060A160 /* Sources */,
				285A430E2B0568720060A160 /* Frameworks */,
				285A430F2B0568720060A160 /* Resources */,
			);
			buildRules = (
			);
			dependencies = (
			);
			name = "macos-keystroke-counter";
			productName = "macos-keystroke-tracker";
			productReference = 285A43112B0568720060A160 /* macos-keystroke-counter.app */;
			productType = "com.apple.product-type.application";
		};
/* End PBXNativeTarget section */

/* Begin PBXProject section */
		285A43092B0568720060A160 /* Project object */ = {
			isa = PBXProject;
			attributes = {
				BuildIndependentTargetsInParallel = 1;
				LastSwiftUpdateCheck = 1420;
				LastUpgradeCheck = 1420;
				TargetAttributes = {
					285A43102B0568720060A160 = {
						CreatedOnToolsVersion = 14.2;
					};
				};
			};
			buildConfigurationList = 285A430C2B0568720060A160 /* Build configuration list for PBXProject "macos-keystroke-counter" */;
			compatibilityVersion = "Xcode 14.0";
			developmentRegion = en;
			hasScannedForEncodings = 0;
			knownRegions = (
				en,
				Base,
			);
			mainGroup = 285A43082B0568720060A160;
			productRefGroup = 285A43122B0568720060A160 /* Products */;
			projectDirPath = "";
			projectRoot = "";
			targets = (
				285A43102B0568720060A160 /* macos-keystroke-counter */,
			);
		};
/* End PBXProject section */

/* Begin PBXResourcesBuildPhase section */
		285A430F2B0568720060A160 /* Resources */ = {
			isa = PBXResourcesBuildPhase;
			buildActionMask = 2147483647;
			files = (
				285A431C2B0568780060A160 /* Preview Assets.xcassets in Resources */,
				285A43192B0568780060A160 /* Assets.xcassets in Resources */,
			);
			runOnlyForDeploymentPostprocessing = 0;
		};
/* End PBXResourcesBuildPhase section */

/* Begin PBXSourcesBuildPhase section */
		285A430D2B0568720060A160 /* Sources */ = {
			isa = PBXSourcesBuildPhase;
			buildActionMask = 2147483647;
			files = (
				285A43172B0568720060A160 /* ContentView.swift in Sources */,
				285A43242B05792D0060A160 /* ApplicationMenu.swift in Sources */,
				285A43152B0568720060A160 /* macos_keystroke_counterApp.swift in Sources */,
			);
			runOnlyForDeploymentPostprocessing = 0;
		};
/* End PBXSourcesBuildPhase section */

/* Begin XCBuildConfiguration section */
		285A431E2B0568780060A160 /* Debug */ = {
			isa = XCBuildConfiguration;
			buildSettings = {
				ALWAYS_SEARCH_USER_PATHS = NO;
				CLANG_ANALYZER_NONNULL = YES;
				CLANG_ANALYZER_NUMBER_OBJECT_CONVERSION = YES_AGGRESSIVE;
				CLANG_CXX_LANGUAGE_STANDARD = "gnu++20";
				CLANG_ENABLE_MODULES = YES;
				CLANG_ENABLE_OBJC_ARC = YES;
				CLANG_ENABLE_OBJC_WEAK = YES;
				CLANG_WARN_BLOCK_CAPTURE_AUTORELEASING = YES;
				CLANG_WARN_BOOL_CONVERSION = YES;
				CLANG_WARN_COMMA = YES;
				CLANG_WARN_CONSTANT_CONVERSION = YES;
				CLANG_WARN_DEPRECATED_OBJC_IMPLEMENTATIONS = YES;
				CLANG_WARN_DIRECT_OBJC_ISA_USAGE = YES_ERROR;
				CLANG_WARN_DOCUMENTATION_COMMENTS = YES;
				CLANG_WARN_EMPTY_BODY = YES;
				CLANG_WARN_ENUM_CONVERSION = YES;
				CLANG_WARN_INFINITE_RECURSION = YES;
				CLANG_WARN_INT_CONVERSION = YES;
				CLANG_WARN_NON_LITERAL_NULL_CONVERSION = YES;
				CLANG_WARN_OBJC_IMPLICIT_RETAIN_SELF = YES;
				CLANG_WARN_OBJC_LITERAL_CONVERSION = YES;
				CLANG_WARN_OBJC_ROOT_CLASS = YES_ERROR;
				CLANG_WARN_QUOTED_INCLUDE_IN_FRAMEWORK_HEADER = YES;
				CLANG_WARN_RANGE_LOOP_ANALYSIS = YES;
				CLANG_WARN_STRICT_PROTOTYPES = YES;
				CLANG_WARN_SUSPICIOUS_MOVE = YES;
				CLANG_WARN_UNGUARDED_AVAILABILITY = YES_AGGRESSIVE;
				CLANG_WARN_UNREACHABLE_CODE = YES;
				CLANG_WARN__DUPLICATE_METHOD_MATCH = YES;
				COPY_PHASE_STRIP = NO;
				DEBUG_INFORMATION_FORMAT = dwarf;
				ENABLE_STRICT_OBJC_MSGSEND = YES;
				ENABLE_TESTABILITY = YES;
				GCC_C_LANGUAGE_STANDARD = gnu11;
				GCC_DYNAMIC_NO_PIC = NO;
				GCC_NO_COMMON_BLOCKS = YES;
				GCC_OPTIMIZATION_LEVEL = 0;
				GCC_PREPROCESSOR_DEFINITIONS = (
					"DEBUG=1",
					"$(inherited)",
				);
				GCC_WARN_64_TO_32_BIT_CONVERSION = YES;
				GCC_WARN_ABOUT_RETURN_TYPE = YES_ERROR;
				GCC_WARN_UNDECLARED_SELECTOR = YES;
				GCC_WARN_UNINITIALIZED_AUTOS = YES_AGGRESSIVE;
				GCC_WARN_UNUSED_FUNCTION = YES;
				GCC_WARN_UNUSED_VARIABLE = YES;
				MACOSX_DEPLOYMENT_TARGET = 13.1;
				MTL_ENABLE_DEBUG_INFO = INCLUDE_SOURCE;
				MTL_FAST_MATH = YES;
				ONLY_ACTIVE_ARCH = YES;
				SDKROOT = macosx;
				SWIFT_ACTIVE_COMPILATION_CONDITIONS = DEBUG;
				SWIFT_OPTIMIZATION_LEVEL = "-Onone";
			};
			name = Debug;
		};
		285A431F2B0568780060A160 /* Release */ = {
			isa = XCBuildConfiguration;
			buildSettings = {
				ALWAYS_SEARCH_USER_PATHS = NO;
				CLANG_ANALYZER_NONNULL = YES;
				CLANG_ANALYZER_NUMBER_OBJECT_CONVERSION = YES_AGGRESSIVE;
				CLANG_CXX_LANGUAGE_STANDARD = "gnu++20";
				CLANG_ENABLE_MODULES = YES;
				CLANG_ENABLE_OBJC_ARC = YES;
				CLANG_ENABLE_OBJC_WEAK = YES;
				CLANG_WARN_BLOCK_CAPTURE_AUTORELEASING = YES;
				CLANG_WARN_BOOL_CONVERSION = YES;
				CLANG_WARN_COMMA = YES;
				CLANG_WARN_CONSTANT_CONVERSION = YES;
				CLANG_WARN_DEPRECATED_OBJC_IMPLEMENTATIONS = YES;
				CLANG_WARN_DIRECT_OBJC_ISA_USAGE = YES_ERROR;
				CLANG_WARN_DOCUMENTATION_COMMENTS = YES;
				CLANG_WARN_EMPTY_BODY = YES;
				CLANG_WARN_ENUM_CONVERSION = YES;
				CLANG_WARN_INFINITE_RECURSION = YES;
				CLANG_WARN_INT_CONVERSION = YES;
				CLANG_WARN_NON_LITERAL_NULL_CONVERSION = YES;
				CLANG_WARN_OBJC_IMPLICIT_RETAIN_SELF = YES;
				CLANG_WARN_OBJC_LITERAL_CONVERSION = YES;
				CLANG_WARN_OBJC_ROOT_CLASS = YES_ERROR;
				CLANG_WARN_QUOTED_INCLUDE_IN_FRAMEWORK_HEADER = YES;
				CLANG_WARN_RANGE_LOOP_ANALYSIS = YES;
				CLANG_WARN_STRICT_PROTOTYPES = YES;
				CLANG_WARN_SUSPICIOUS_MOVE = YES;
				CLANG_WARN_UNGUARDED_AVAILABILITY = YES_AGGRESSIVE;
				CLANG_WARN_UNREACHABLE_CODE = YES;
				CLANG_WARN__DUPLICATE_METHOD_MATCH = YES;
				COPY_PHASE_STRIP = NO;
				DEBUG_INFORMATION_FORMAT = "dwarf-with-dsym";
				ENABLE_NS_ASSERTIONS = NO;
				ENABLE_STRICT_OBJC_MSGSEND = YES;
				GCC_C_LANGUAGE_STANDARD = gnu11;
				GCC_NO_COMMON_BLOCKS = YES;
				GCC_WARN_64_TO_32_BIT_CONVERSION = YES;
				GCC_WARN_ABOUT_RETURN_TYPE = YES_ERROR;
				GCC_WARN_UNDECLARED_SELECTOR = YES;
				GCC_WARN_UNINITIALIZED_AUTOS = YES_AGGRESSIVE;
				GCC_WARN_UNUSED_FUNCTION = YES;
				GCC_WARN_UNUSED_VARIABLE = YES;
				MACOSX_DEPLOYMENT_TARGET = 13.1;
				MTL_ENABLE_DEBUG_INFO = NO;
				MTL_FAST_MATH = YES;
				SDKROOT = macosx;
				SWIFT_COMPILATION_MODE = wholemodule;
				SWIFT_OPTIMIZATION_LEVEL = "-O";
			};
			name = Release;
		};
		285A43212B0568780060A160 /* Debug */ = {
			isa = XCBuildConfiguration;
			buildSettings = {
				ASSETCATALOG_COMPILER_APPICON_NAME = AppIcon;
				ASSETCATALOG_COMPILER_GLOBAL_ACCENT_COLOR_NAME = AccentColor;
				CODE_SIGN_ENTITLEMENTS = "macos-keystroke-counter/macos_keystroke_counter.entitlements";
				CODE_SIGN_STYLE = Automatic;
				COMBINE_HIDPI_IMAGES = YES;
				CURRENT_PROJECT_VERSION = 1;
				DEVELOPMENT_ASSET_PATHS = "\"macos-keystroke-counter/Preview Content\"";
				DEVELOPMENT_TEAM = 26J8GV82Z2;
				ENABLE_HARDENED_RUNTIME = YES;
				ENABLE_PREVIEWS = YES;
				GENERATE_INFOPLIST_FILE = YES;
				INFOPLIST_KEY_NSHumanReadableCopyright = "";
				LD_RUNPATH_SEARCH_PATHS = (
					"$(inherited)",
					"@executable_path/../Frameworks",
				);
				MARKETING_VERSION = 1.0;
				PRODUCT_BUNDLE_IDENTIFIER = "com.delvecchio.macos-keystroke-counter";
				PRODUCT_NAME = "$(TARGET_NAME)";
				SWIFT_EMIT_LOC_STRINGS = YES;
				SWIFT_VERSION = 5.0;
			};
			name = Debug;
		};
		285A43222B0568780060A160 /* Release */ = {
			isa = XCBuildConfiguration;
			buildSettings = {
				ASSETCATALOG_COMPILER_APPICON_NAME = AppIcon;
				ASSETCATALOG_COMPILER_GLOBAL_ACCENT_COLOR_NAME = AccentColor;
				CODE_SIGN_ENTITLEMENTS = "macos-keystroke-counter/macos_keystroke_counter.entitlements";
				CODE_SIGN_STYLE = Automatic;
				COMBINE_HIDPI_IMAGES = YES;
				CURRENT_PROJECT_VERSION = 1;
				DEVELOPMENT_ASSET_PATHS = "\"macos-keystroke-counter/Preview Content\"";
				DEVELOPMENT_TEAM = 26J8GV82Z2;
				ENABLE_HARDENED_RUNTIME = YES;
				ENABLE_PREVIEWS = YES;
				GENERATE_INFOPLIST_FILE = YES;
				INFOPLIST_KEY_NSHumanReadableCopyright = "";
				LD_RUNPATH_SEARCH_PATHS = (
					"$(inherited)",
					"@executable_path/../Frameworks",
				);
				MARKETING_VERSION = 1.0;
				PRODUCT_BUNDLE_IDENTIFIER = "com.delvecchio.macos-keystroke-counter";
				PRODUCT_NAME = "$(TARGET_NAME)";
				SWIFT_EMIT_LOC_STRINGS = YES;
				SWIFT_VERSION = 5.0;
			};
			name = Release;
		};
/* End XCBuildConfiguration section */

/* Begin XCConfigurationList section */
		285A430C2B0568720060A160 /* Build configuration list for PBXProject "macos-keystroke-counter" */ = {
			isa = XCConfigurationList;
			buildConfigurations = (
				285A431E2B0568780060A160 /* Debug */,
				285A431F2B0568780060A160 /* Release */,
			);
			defaultConfigurationIsVisible = 0;
			defaultConfigurationName = Release;
		};
		285A43202B0568780060A160 /* Build configuration list for PBXNativeTarget "macos-keystroke-counter" */ = {
			isa = XCConfigurationList;
			buildConfigurations = (
				285A43212B0568780060A160 /* Debug */,
				285A43222B0568780060A160 /* Release */,
			);
			defaultConfigurationIsVisible = 0;
			defaultConfigurationName = Release;
		};
/* End XCConfigurationList section */
	};
	rootObject = 285A43092B0568720060A160 /* Project object */;
}
